Microsoft Visual Studio Solution File, Format Version 12.00
# Visual Studio Version 18
VisualStudioVersion = 18.0.11205.157
MinimumVisualStudioVersion = 10.0.40219.1
Project("{FAE04EC0-301F-11D3-BF4B-00C04F79EFBC}") = "Wms.Theme.Web", "Wms.Theme.Web\Wms.Theme.Web.csproj", "{68EAD0F7-3206-5E31-B035-BD470BCFB0CB}"
EndProject
Project("{2150E333-8FDC-42A3-9474-1A3956D46DE8}") = "Test", "Test", "{A3999B6F-9B4C-482A-A7A2-54BECC41F70F}"
EndProject
Project("{FAE04EC0-301F-11D3-BF4B-00C04F79EFBC}") = "WMS.Automation.Test", "WMS.Automation.Test\WMS.Automation.Test.csproj", "{DE14D081-605D-4088-A901-373F080A96FA}"
EndProject
Global
	GlobalSection(SolutionConfigurationPlatforms) = preSolution
		Debug|Any CPU = Debug|Any CPU
		Release|Any CPU = Release|Any CPU
	EndGlobalSection
	GlobalSection(ProjectConfigurationPlatforms) = postSolution
		{68EAD0F7-3206-5E31-B035-BD470BCFB0CB}.Debug|Any CPU.ActiveCfg = Debug|Any CPU
		{68EAD0F7-3206-5E31-B035-BD470BCFB0CB}.Debug|Any CPU.Build.0 = Debug|Any CPU
		{68EAD0F7-3206-5E31-B035-BD470BCFB0CB}.Release|Any CPU.ActiveCfg = Release|Any CPU
		{68EAD0F7-3206-5E31-B035-BD470BCFB0CB}.Release|Any CPU.Build.0 = Release|Any CPU
		{DE14D081-605D-4088-A901-373F080A96FA}.Debug|Any CPU.ActiveCfg = Debug|Any CPU
		{DE14D081-605D-4088-A901-373F080A96FA}.Debug|Any CPU.Build.0 = Debug|Any CPU
		{DE14D081-605D-4088-A901-373F080A96FA}.Release|Any CPU.ActiveCfg = Release|Any CPU
		{DE14D081-605D-4088-A901-373F080A96FA}.Release|Any CPU.Build.0 = Release|Any CPU
	EndGlobalSection
	GlobalSection(SolutionProperties) = preSolution
		HideSolutionNode = FALSE
	EndGlobalSection
	GlobalSection(NestedProjects) = preSolution
		{DE14D081-605D-4088-A901-373F080A96FA} = {A3999B6F-9B4C-482A-A7A2-54BECC41F70F}
	EndGlobalSection
	GlobalSection(ExtensibilityGlobals) = postSolution
		SolutionGuid = {F24E90EE-020B-429C-B288-64B3E6AD3EC0}
	EndGlobalSection
EndGlobal
