Microsoft Visual Studio Solution File, Format Version 12.00
# Visual Studio Version 17
VisualStudioVersion = 17.5.2.0
MinimumVisualStudioVersion = 10.0.40219.1
Project("{FAE04EC0-301F-11D3-BF4B-00C04F79EFBC}") = "Wms.Theme.Web", "Wms.Theme.Web.csproj", "{8105D868-D868-5AFC-3C3A-795E23E5CA5A}"
EndProject
Global
	GlobalSection(SolutionConfigurationPlatforms) = preSolution
		Debug|Any CPU = Debug|Any CPU
		Release|Any CPU = Release|Any CPU
	EndGlobalSection
	GlobalSection(ProjectConfigurationPlatforms) = postSolution
		{8105D868-D868-5AFC-3C3A-795E23E5CA5A}.Debug|Any CPU.ActiveCfg = Debug|Any CPU
		{8105D868-D868-5AFC-3C3A-795E23E5CA5A}.Debug|Any CPU.Build.0 = Debug|Any CPU
		{8105D868-D868-5AFC-3C3A-795E23E5CA5A}.Release|Any CPU.ActiveCfg = Release|Any CPU
		{8105D868-D868-5AFC-3C3A-795E23E5CA5A}.Release|Any CPU.Build.0 = Release|Any CPU
	EndGlobalSection
	GlobalSection(SolutionProperties) = preSolution
		HideSolutionNode = FALSE
	EndGlobalSection
	GlobalSection(ExtensibilityGlobals) = postSolution
		SolutionGuid = {8E955407-C2E0-4771-B073-C809E155FC61}
	EndGlobalSection
EndGlobal
